
Microsoft Visual Studio Solution File, Format Version 12.00
# Visual Studio Version 16
VisualStudioVersion = 16.0.31402.337
MinimumVisualStudioVersion = 10.0.40219.1
Project("{9A19103F-16F7-4668-BE54-9A1E7A4F7556}") = "AIC_Software", "AIC_Software\AIC_Software.csproj", "{40D5819E-ABB6-46FF-B269-EB564A3B3ED9}"
EndProject
Project("{FAE04EC0-301F-11D3-BF4B-00C04F79EFBC}") = "AIC_Software.Tests", "AIC_Software.Tests\AIC_Software.Tests.csproj", "{8DD05C12-2FC2-4AB9-A973-C267635C668E}"
EndProject
Global
	GlobalSection(SolutionConfigurationPlatforms) = preSolution
		Debug|Any CPU = Debug|Any CPU
		Release|Any CPU = Release|Any CPU
	EndGlobalSection
	GlobalSection(ProjectConfigurationPlatforms) = postSolution
		{40D5819E-ABB6-46FF-B269-EB564A3B3ED9}.Debug|Any CPU.ActiveCfg = Debug|Any CPU
		{40D5819E-ABB6-46FF-B269-EB564A3B3ED9}.Debug|Any CPU.Build.0 = Debug|Any CPU
		{40D5819E-ABB6-46FF-B269-EB564A3B3ED9}.Release|Any CPU.ActiveCfg = Release|Any CPU
		{40D5819E-ABB6-46FF-B269-EB564A3B3ED9}.Release|Any CPU.Build.0 = Release|Any CPU
		{8DD05C12-2FC2-4AB9-A973-C267635C668E}.Debug|Any CPU.ActiveCfg = Debug|Any CPU
		{8DD05C12-2FC2-4AB9-A973-C267635C668E}.Debug|Any CPU.Build.0 = Debug|Any CPU
		{8DD05C12-2FC2-4AB9-A973-C267635C668E}.Release|Any CPU.ActiveCfg = Release|Any CPU
		{8DD05C12-2FC2-4AB9-A973-C267635C668E}.Release|Any CPU.Build.0 = Release|Any CPU
	EndGlobalSection
	GlobalSection(SolutionProperties) = preSolution
		HideSolutionNode = FALSE
	EndGlobalSection
	GlobalSection(ExtensibilityGlobals) = postSolution
		SolutionGuid = {AC9B3F54-EF3C-4E7B-A95F-B497858BCD9E}
	EndGlobalSection
EndGlobal
